{
  "name": "kakavand.me",
  "lockfileVersion": 3,
  "requires": true,
  "packages": {
    "": {
      "dependencies": {
        "@mdi/light-js": "^0.2.63"
      }
    },
    "node_modules/@mdi/light-js": {
      "version": "0.2.63",
      "resolved": "https://registry.npmjs.org/@mdi/light-js/-/light-js-0.2.63.tgz",
      "integrity": "sha512-+SUtJIOxvEy6DiVq0wTRPIzVuoPB5fhnubmzaN7e2ew0v3/nvnpC4mqbGCjiTK0diVd3+zvhEQHZzPDErGb1fg==",
      "license": "MIT"
    }
  }
}
